# This file is autogenerated, do not edit; changes may be undone by the next 'dep ensure'.


[[projects]]
  digest = "1:7bcfb62ff852134771c94a9f9a972ab40c327b3d11bcaa232fcda2d4f3674dee"
  name = "github.com/DATA-DOG/go-txdb"
  packages = ["."]
  pruneopts = ""
  revision = "6ca798a10f4408c9d8c74527ff93da373e521ebf"
  version = "v0.1.3"

[[projects]]
  digest = "1:0deddd908b6b4b768cfc272c16ee61e7088a60f7fe2f06c547bd3d8e1f8b8e77"
  name = "github.com/davecgh/go-spew"
  packages = ["spew"]
  pruneopts = ""
  revision = "8991bc29aa16c548c550c7ff78260e27b9ab7c73"
  version = "v1.1.1"

[[projects]]
  branch = "master"
  digest = "1:7eccf6c9b303ae21c69d63c67b30374fd3cd78f3574f13972813b18ac82c311c"
  name = "github.com/elgris/sqrl"
  packages = ["."]
  pruneopts = ""
  revision = "5a439265eeec01f5df2303153aa0c444c050709a"

[[projects]]
  digest = "1:55d7786e315a68ad27227a9800ebed9c48a23379de13358ab9a331ae8fe39283"
  name = "github.com/go-chi/chi"
  packages = [
    ".",
    "middleware",
  ]
  pruneopts = ""
  revision = "da24bba8dcd4021cafac38724bf10dccc97c3e36"
  version = "v4.0.2"

[[projects]]
  digest = "1:f9f45f75f332e03fc7e9fe9188ea4e1ce4d14779ef34fa1b023da67518e36327"
  name = "github.com/google/go-cmp"
  packages = [
    "cmp",
    "cmp/cmpopts",
    "cmp/internal/diff",
    "cmp/internal/function",
    "cmp/internal/value",
  ]
  pruneopts = ""
  revision = "3af367b6b30c263d47e8895973edcca9a49cf029"
  version = "v0.2.0"

[[projects]]
  digest = "1:c1d7e883c50a26ea34019320d8ae40fad86c9e5d56e63a1ba2cb618cef43e986"
  name = "github.com/google/uuid"
  packages = ["."]
  pruneopts = ""
  revision = "064e2069ce9c359c118179501254f67d7d37ba24"
  version = "0.2"

[[projects]]
  branch = "master"
  digest = "1:9ded2fdbaa5f30dfe7adcd622ab3da77b9d0b9a11610d7361395db0f8063e8f5"
  name = "github.com/graph-gophers/graphql-go"
  packages = [
    ".",
    "errors",
    "internal/common",
    "internal/exec",
    "internal/exec/packer",
    "internal/exec/resolvable",
    "internal/exec/selected",
    "internal/query",
    "internal/schema",
    "internal/validation",
    "introspection",
    "log",
    "relay",
    "trace",
  ]
  pruneopts = ""
  revision = "38a077bc812da9a60fd1885e68206c59b24c858e"

[[projects]]
  branch = "master"
  digest = "1:0320ee3b5a34b1dfbea723b37a8a6e4c7cf9857851e56f646d9b20a0e05d86b3"
  name = "github.com/jmoiron/sqlx"
  packages = [
    ".",
    "reflectx",
  ]
  pruneopts = ""
  revision = "d7d95172beb5a538ff08c50a6e98aee6e7c41f40"

[[projects]]
  digest = "1:f4216047c24ab66fb757045febd7dac4edc6f4ad9f6c0063d0755d654d04f25e"
  name = "github.com/lib/pq"
  packages = [
    ".",
    "oid",
    "scram",
  ]
  pruneopts = ""
  revision = "3427c32cb71afc948325f299f040e53c1dd78979"
  version = "v1.2.0"

[[projects]]
  digest = "1:1fc4897d3cc482d070651563c16a51489296cd9150e6d53fb7ff4d59a24334bc"
  name = "github.com/opentracing/opentracing-go"
  packages = [
    ".",
    "ext",
    "log",
  ]
  pruneopts = ""
  revision = "659c90643e714681897ec2521c60567dd21da733"
  version = "v1.1.0"

[[projects]]
  branch = "master"
  digest = "1:b4305df2444548cf8f171cd377e19bc7021eaa195aaa78367b3a371d2d6b9ae1"
  name = "golang.org/x/crypto"
  packages = [
    "bcrypt",
    "blowfish",
  ]
  pruneopts = ""
  revision = "34f69633bfdcf9db92f698f8487115767eebef81"

[solve-meta]
  analyzer-name = "dep"
  analyzer-version = 1
  input-imports = [
    "github.com/DATA-DOG/go-txdb",
    "github.com/davecgh/go-spew/spew",
    "github.com/elgris/sqrl",
    "github.com/go-chi/chi",
    "github.com/go-chi/chi/middleware",
    "github.com/google/go-cmp/cmp",
    "github.com/google/go-cmp/cmp/cmpopts",
    "github.com/google/uuid",
    "github.com/graph-gophers/graphql-go",
    "github.com/graph-gophers/graphql-go/errors",
    "github.com/graph-gophers/graphql-go/relay",
    "github.com/jmoiron/sqlx",
    "github.com/lib/pq",
    "golang.org/x/crypto/bcrypt",
  ]
  solver-name = "gps-cdcl"
  solver-version = 1
