# This file is autogenerated, do not edit; changes may be undone by the next 'dep ensure'.


[[projects]]
  digest = "1:130f8f62c61c865b2240edaca8c14d1a77f331fb3a8d6a715e40506cfab41a66"
  name = "github.com/DATA-DOG/go-txdb"
  packages = ["."]
  pruneopts = ""
  revision = "98b2c9b21b660ca7c8a1ceb4deed9fd5a14e5cd8"
  version = "v0.1.2"

[[projects]]
  digest = "1:0deddd908b6b4b768cfc272c16ee61e7088a60f7fe2f06c547bd3d8e1f8b8e77"
  name = "github.com/davecgh/go-spew"
  packages = ["spew"]
  pruneopts = ""
  revision = "8991bc29aa16c548c550c7ff78260e27b9ab7c73"
  version = "v1.1.1"

[[projects]]
  branch = "master"
  digest = "1:68e7bc676f9ede4faeee8d297465ec04abf2147ebdea5d6903554b5b1c504ebf"
  name = "github.com/elgris/sqrl"
  packages = ["."]
  pruneopts = ""
  revision = "90ecf730640af15b296b0613b5d74848b3675e53"

[[projects]]
  digest = "1:55d7786e315a68ad27227a9800ebed9c48a23379de13358ab9a331ae8fe39283"
  name = "github.com/go-chi/chi"
  packages = ["."]
  pruneopts = ""
  revision = "da24bba8dcd4021cafac38724bf10dccc97c3e36"
  version = "v4.0.2"

[[projects]]
  digest = "1:f9f45f75f332e03fc7e9fe9188ea4e1ce4d14779ef34fa1b023da67518e36327"
  name = "github.com/google/go-cmp"
  packages = [
    "cmp",
    "cmp/cmpopts",
    "cmp/internal/diff",
    "cmp/internal/function",
    "cmp/internal/value",
  ]
  pruneopts = ""
  revision = "3af367b6b30c263d47e8895973edcca9a49cf029"
  version = "v0.2.0"

[[projects]]
  digest = "1:c1d7e883c50a26ea34019320d8ae40fad86c9e5d56e63a1ba2cb618cef43e986"
  name = "github.com/google/uuid"
  packages = ["."]
  pruneopts = ""
  revision = "064e2069ce9c359c118179501254f67d7d37ba24"
  version = "0.2"

[[projects]]
  branch = "master"
  digest = "1:91180eace75aa36c1d6194c3d2870f08d8aec37cf816bce48285e01411c64608"
  name = "github.com/graph-gophers/graphql-go"
  packages = [
    ".",
    "errors",
    "internal/common",
    "internal/exec",
    "internal/exec/packer",
    "internal/exec/resolvable",
    "internal/exec/selected",
    "internal/query",
    "internal/schema",
    "internal/validation",
    "introspection",
    "log",
    "relay",
    "trace",
  ]
  pruneopts = ""
  revision = "3e8838d4614c12ab337e796548521744f921e05d"

[[projects]]
  branch = "master"
  digest = "1:77e5b0973a79680fad4df957518d6585d5ce3e7f5731661698c53df74c070603"
  name = "github.com/jmoiron/sqlx"
  packages = [
    ".",
    "reflectx",
  ]
  pruneopts = ""
  revision = "1d3423c595d749e4613fce663591b44ae539d377"

[[projects]]
  digest = "1:364ac8e42128f8c9b7642e54b15ca43d1d808eaf99e2caf15ed7eb7351df25aa"
  name = "github.com/lib/pq"
  packages = [
    ".",
    "oid",
    "scram",
  ]
  pruneopts = ""
  revision = "51e2106eed1cea199c802d2a49e91e2491b02056"
  version = "v1.1.0"

[[projects]]
  digest = "1:1fc4897d3cc482d070651563c16a51489296cd9150e6d53fb7ff4d59a24334bc"
  name = "github.com/opentracing/opentracing-go"
  packages = [
    ".",
    "ext",
    "log",
  ]
  pruneopts = ""
  revision = "659c90643e714681897ec2521c60567dd21da733"
  version = "v1.1.0"

[[projects]]
  branch = "master"
  digest = "1:cebc91a148c3d35354b53496d684130b149b607a4ba4feb035a0eb591284a96a"
  name = "golang.org/x/crypto"
  packages = [
    "bcrypt",
    "blowfish",
  ]
  pruneopts = ""
  revision = "df01cb2cc480549d72034218dd98bf97671450ac"

[solve-meta]
  analyzer-name = "dep"
  analyzer-version = 1
  input-imports = [
    "github.com/DATA-DOG/go-txdb",
    "github.com/davecgh/go-spew/spew",
    "github.com/elgris/sqrl",
    "github.com/go-chi/chi",
    "github.com/google/go-cmp/cmp",
    "github.com/google/go-cmp/cmp/cmpopts",
    "github.com/google/uuid",
    "github.com/graph-gophers/graphql-go",
    "github.com/graph-gophers/graphql-go/errors",
    "github.com/graph-gophers/graphql-go/relay",
    "github.com/jmoiron/sqlx",
    "github.com/lib/pq",
    "golang.org/x/crypto/bcrypt",
  ]
  solver-name = "gps-cdcl"
  solver-version = 1
